
Microsoft Visual Studio Solution File, Format Version 12.00
# Visual Studio 2012
Project("{FAE04EC0-301F-11D3-BF4B-00C04F79EFBC}") = "SwaggerCompiler", "SwaggerCompiler\SwaggerCompiler.csproj", "{28BA4ABF-9BA5-498C-816E-CE29C021FDAC}"
EndProject
Global
	GlobalSection(SolutionConfigurationPlatforms) = preSolution
		Debug|Any CPU = Debug|Any CPU
		Release|Any CPU = Release|Any CPU
	EndGlobalSection
	GlobalSection(ProjectConfigurationPlatforms) = postSolution
		{28BA4ABF-9BA5-498C-816E-CE29C021FDAC}.Debug|Any CPU.ActiveCfg = Debug|Any CPU
		{28BA4ABF-9BA5-498C-816E-CE29C021FDAC}.Debug|Any CPU.Build.0 = Debug|Any CPU
		{28BA4ABF-9BA5-498C-816E-CE29C021FDAC}.Release|Any CPU.ActiveCfg = Release|Any CPU
		{28BA4ABF-9BA5-498C-816E-CE29C021FDAC}.Release|Any CPU.Build.0 = Release|Any CPU
	EndGlobalSection
	GlobalSection(SolutionProperties) = preSolution
		HideSolutionNode = FALSE
	EndGlobalSection
EndGlobal
